// !$*UTF8*$!
{
	archiveVersion = 1;
	classes = {
	};
	objectVersion = 50;
	objects = {

/* Begin PBXBuildFile section */
		3D158DB922CA558F0065A442 /* elm in Resources */ = {isa = PBXBuildFile; fileRef = 3D158DB822CA558F0065A442 /* elm */; };
		3DD37E8022C89E1A0016843E /* AppDelegate.m in Sources */ = {isa = PBXBuildFile; fileRef = 3DD37E7F22C89E1A0016843E /* AppDelegate.m */; };
		3DD37E8322C89E1A0016843E /* ViewController.m in Sources */ = {isa = PBXBuildFile; fileRef = 3DD37E8222C89E1A0016843E /* ViewController.m */; };
		3DD37E8622C89E1A0016843E /* Main.storyboard in Resources */ = {isa = PBXBuildFile; fileRef = 3DD37E8422C89E1A0016843E /* Main.storyboard */; };
		3DD37E8822C89E1C0016843E /* Assets.xcassets in Resources */ = {isa = PBXBuildFile; fileRef = 3DD37E8722C89E1C0016843E /* Assets.xcassets */; };
		3DD37E8B22C89E1C0016843E /* LaunchScreen.storyboard in Resources */ = {isa = PBXBuildFile; fileRef = 3DD37E8922C89E1C0016843E /* LaunchScreen.storyboard */; };
		3DD37E8E22C89E1C0016843E /* main.m in Sources */ = {isa = PBXBuildFile; fileRef = 3DD37E8D22C89E1C0016843E /* main.m */; };
/* End PBXBuildFile section */

/* Begin PBXFileReference section */
		0452EEDC22C9A5650067EE60 /* README.md */ = {isa = PBXFileReference; lastKnownFileType = net.daringfireball.markdown; path = README.md; sourceTree = "<group>"; };
		3D158DB822CA558F0065A442 /* elm */ = {isa = PBXFileReference; lastKnownFileType = folder; path = elm; sourceTree = "<group>"; };
		3DD37E7B22C89E1A0016843E /* iOS_Webview_App_01.app */ = {isa = PBXFileReference; explicitFileType = wrapper.application; includeInIndex = 0; path = iOS_Webview_App_01.app; sourceTree = BUILT_PRODUCTS_DIR; };
		3DD37E7E22C89E1A0016843E /* AppDelegate.h */ = {isa = PBXFileReference; lastKnownFileType = sourcecode.c.h; path = AppDelegate.h; sourceTree = "<group>"; };
		3DD37E7F22C89E1A0016843E /* AppDelegate.m */ = {isa = PBXFileReference; lastKnownFileType = sourcecode.c.objc; path = AppDelegate.m; sourceTree = "<group>"; };
		3DD37E8122C89E1A0016843E /* ViewController.h */ = {isa = PBXFileReference; lastKnownFileType = sourcecode.c.h; path = ViewController.h; sourceTree = "<group>"; };
		3DD37E8222C89E1A0016843E /* ViewController.m */ = {isa = PBXFileReference; lastKnownFileType = sourcecode.c.objc; path = ViewController.m; sourceTree = "<group>"; };
		3DD37E8522C89E1A0016843E /* Base */ = {isa = PBXFileReference; lastKnownFileType = file.storyboard; name = Base; path = Base.lproj/Main.storyboard; sourceTree = "<group>"; };
		3DD37E8722C89E1C0016843E /* Assets.xcassets */ = {isa = PBXFileReference; lastKnownFileType = folder.assetcatalog; path = Assets.xcassets; sourceTree = "<group>"; };
		3DD37E8A22C89E1C0016843E /* Base */ = {isa = PBXFileReference; lastKnownFileType = file.storyboard; name = Base; path = Base.lproj/LaunchScreen.storyboard; sourceTree = "<group>"; };
		3DD37E8C22C89E1C0016843E /* Info.plist */ = {isa = PBXFileReference; lastKnownFileType = text.plist.xml; path = Info.plist; sourceTree = "<group>"; };
		3DD37E8D22C89E1C0016843E /* main.m */ = {isa = PBXFileReference; lastKnownFileType = sourcecode.c.objc; path = main.m; sourceTree = "<group>"; };
/* End PBXFileReference section */

/* Begin PBXFrameworksBuildPhase section */
		3DD37E7822C89E190016843E /* Frameworks */ = {
			isa = PBXFrameworksBuildPhase;
			buildActionMask = 2147483647;
			files = (
			);
			runOnlyForDeploymentPostprocessing = 0;
		};
/* End PBXFrameworksBuildPhase section */

/* Begin PBXGroup section */
		3DD37E7222C89E190016843E = {
			isa = PBXGroup;
			children = (
				3DD37E7D22C89E1A0016843E /* iOS_Webview_App_01 */,
				3DD37E7C22C89E1A0016843E /* Products */,
			);
			sourceTree = "<group>";
		};
		3DD37E7C22C89E1A0016843E /* Products */ = {
			isa = PBXGroup;
			children = (
				3DD37E7B22C89E1A0016843E /* iOS_Webview_App_01.app */,
			);
			name = Products;
			sourceTree = "<group>";
		};
		3DD37E7D22C89E1A0016843E /* iOS_Webview_App_01 */ = {
			isa = PBXGroup;
			children = (
				3D158DB822CA558F0065A442 /* elm */,
				3DD37E7E22C89E1A0016843E /* AppDelegate.h */,
				3DD37E7F22C89E1A0016843E /* AppDelegate.m */,
				3DD37E8122C89E1A0016843E /* ViewController.h */,
				3DD37E8222C89E1A0016843E /* ViewController.m */,
				3DD37E8422C89E1A0016843E /* Main.storyboard */,
				3DD37E8722C89E1C0016843E /* Assets.xcassets */,
				0452EEDC22C9A5650067EE60 /* README.md */,
				3DD37E8922C89E1C0016843E /* LaunchScreen.storyboard */,
				3DD37E8C22C89E1C0016843E /* Info.plist */,
				3DD37E8D22C89E1C0016843E /* main.m */,
			);
			path = iOS_Webview_App_01;
			sourceTree = "<group>";
		};
/* End PBXGroup section */

/* Begin PBXNativeTarget section */
		3DD37E7A22C89E190016843E /* iOS_Webview_App_01 */ = {
			isa = PBXNativeTarget;
			buildConfigurationList = 3DD37E9122C89E1C0016843E /* Build configuration list for PBXNativeTarget "iOS_Webview_App_01" */;
			buildPhases = (
				3DD37E7722C89E190016843E /* Sources */,
				3DD37E7822C89E190016843E /* Frameworks */,
				3DD37E7922C89E190016843E /* Resources */,
			);
			buildRules = (
			);
			dependencies = (
			);
			name = iOS_Webview_App_01;
			productName = WebView_test;
			productReference = 3DD37E7B22C89E1A0016843E /* iOS_Webview_App_01.app */;
			productType = "com.apple.product-type.application";
		};
/* End PBXNativeTarget section */

/* Begin PBXProject section */
		3DD37E7322C89E190016843E /* Project object */ = {
			isa = PBXProject;
			attributes = {
				LastUpgradeCheck = 1020;
				ORGANIZATIONNAME = Cary;
				TargetAttributes = {
					3DD37E7A22C89E190016843E = {
						CreatedOnToolsVersion = 10.2.1;
					};
				};
			};
			buildConfigurationList = 3DD37E7622C89E190016843E /* Build configuration list for PBXProject "iOS_Webview_App_01" */;
			compatibilityVersion = "Xcode 9.3";
			developmentRegion = en;
			hasScannedForEncodings = 0;
			knownRegions = (
				en,
				Base,
			);
			mainGroup = 3DD37E7222C89E190016843E;
			productRefGroup = 3DD37E7C22C89E1A0016843E /* Products */;
			projectDirPath = "";
			projectRoot = "";
			targets = (
				3DD37E7A22C89E190016843E /* iOS_Webview_App_01 */,
			);
		};
/* End PBXProject section */

/* Begin PBXResourcesBuildPhase section */
		3DD37E7922C89E190016843E /* Resources */ = {
			isa = PBXResourcesBuildPhase;
			buildActionMask = 2147483647;
			files = (
				3DD37E8B22C89E1C0016843E /* LaunchScreen.storyboard in Resources */,
				3D158DB922CA558F0065A442 /* elm in Resources */,
				3DD37E8822C89E1C0016843E /* Assets.xcassets in Resources */,
				3DD37E8622C89E1A0016843E /* Main.storyboard in Resources */,
			);
			runOnlyForDeploymentPostprocessing = 0;
		};
/* End PBXResourcesBuildPhase section */

/* Begin PBXSourcesBuildPhase section */
		3DD37E7722C89E190016843E /* Sources */ = {
			isa = PBXSourcesBuildPhase;
			buildActionMask = 2147483647;
			files = (
				3DD37E8322C89E1A0016843E /* ViewController.m in Sources */,
				3DD37E8E22C89E1C0016843E /* main.m in Sources */,
				3DD37E8022C89E1A0016843E /* AppDelegate.m in Sources */,
			);
			runOnlyForDeploymentPostprocessing = 0;
		};
/* End PBXSourcesBuildPhase section */

/* Begin PBXVariantGroup section */
		3DD37E8422C89E1A0016843E /* Main.storyboard */ = {
			isa = PBXVariantGroup;
			children = (
				3DD37E8522C89E1A0016843E /* Base */,
			);
			name = Main.storyboard;
			sourceTree = "<group>";
		};
		3DD37E8922C89E1C0016843E /* LaunchScreen.storyboard */ = {
			isa = PBXVariantGroup;
			children = (
				3DD37E8A22C89E1C0016843E /* Base */,
			);
			name = LaunchScreen.storyboard;
			sourceTree = "<group>";
		};
/* End PBXVariantGroup section */

/* Begin XCBuildConfiguration section */
		3DD37E8F22C89E1C0016843E /* Debug */ = {
			isa = XCBuildConfiguration;
			buildSettings = {
				ALWAYS_SEARCH_USER_PATHS = NO;
				CLANG_ANALYZER_NONNULL = YES;
				CLANG_ANALYZER_NUMBER_OBJECT_CONVERSION = YES_AGGRESSIVE;
				CLANG_CXX_LANGUAGE_STANDARD = "gnu++14";
				CLANG_CXX_LIBRARY = "libc++";
				CLANG_ENABLE_MODULES = YES;
				CLANG_ENABLE_OBJC_ARC = YES;
				CLANG_ENABLE_OBJC_WEAK = YES;
				CLANG_WARN_BLOCK_CAPTURE_AUTORELEASING = YES;
				CLANG_WARN_BOOL_CONVERSION = YES;
				CLANG_WARN_COMMA = YES;
				CLANG_WARN_CONSTANT_CONVERSION = YES;
				CLANG_WARN_DEPRECATED_OBJC_IMPLEMENTATIONS = YES;
				CLANG_WARN_DIRECT_OBJC_ISA_USAGE = YES_ERROR;
				CLANG_WARN_DOCUMENTATION_COMMENTS = YES;
				CLANG_WARN_EMPTY_BODY = YES;
				CLANG_WARN_ENUM_CONVERSION = YES;
				CLANG_WARN_INFINITE_RECURSION = YES;
				CLANG_WARN_INT_CONVERSION = YES;
				CLANG_WARN_NON_LITERAL_NULL_CONVERSION = YES;
				CLANG_WARN_OBJC_IMPLICIT_RETAIN_SELF = YES;
				CLANG_WARN_OBJC_LITERAL_CONVERSION = YES;
				CLANG_WARN_OBJC_ROOT_CLASS = YES_ERROR;
				CLANG_WARN_RANGE_LOOP_ANALYSIS = YES;
				CLANG_WARN_STRICT_PROTOTYPES = YES;
				CLANG_WARN_SUSPICIOUS_MOVE = YES;
				CLANG_WARN_UNGUARDED_AVAILABILITY = YES_AGGRESSIVE;
				CLANG_WARN_UNREACHABLE_CODE = YES;
				CLANG_WARN__DUPLICATE_METHOD_MATCH = YES;
				CODE_SIGN_IDENTITY = "iPhone Developer";
				COPY_PHASE_STRIP = NO;
				DEBUG_INFORMATION_FORMAT = dwarf;
				ENABLE_STRICT_OBJC_MSGSEND = YES;
				ENABLE_TESTABILITY = YES;
				GCC_C_LANGUAGE_STANDARD = gnu11;
				GCC_DYNAMIC_NO_PIC = NO;
				GCC_NO_COMMON_BLOCKS = YES;
				GCC_OPTIMIZATION_LEVEL = 0;
				GCC_PREPROCESSOR_DEFINITIONS = (
					"DEBUG=1",
					"$(inherited)",
				);
				GCC_WARN_64_TO_32_BIT_CONVERSION = YES;
				GCC_WARN_ABOUT_RETURN_TYPE = YES_ERROR;
				GCC_WARN_UNDECLARED_SELECTOR = YES;
				GCC_WARN_UNINITIALIZED_AUTOS = YES_AGGRESSIVE;
				GCC_WARN_UNUSED_FUNCTION = YES;
				GCC_WARN_UNUSED_VARIABLE = YES;
				IPHONEOS_DEPLOYMENT_TARGET = 12.2;
				MTL_ENABLE_DEBUG_INFO = INCLUDE_SOURCE;
				MTL_FAST_MATH = YES;
				ONLY_ACTIVE_ARCH = YES;
				SDKROOT = iphoneos;
			};
			name = Debug;
		};
		3DD37E9022C89E1C0016843E /* Release */ = {
			isa = XCBuildConfiguration;
			buildSettings = {
				ALWAYS_SEARCH_USER_PATHS = NO;
				CLANG_ANALYZER_NONNULL = YES;
				CLANG_ANALYZER_NUMBER_OBJECT_CONVERSION = YES_AGGRESSIVE;
				CLANG_CXX_LANGUAGE_STANDARD = "gnu++14";
				CLANG_CXX_LIBRARY = "libc++";
				CLANG_ENABLE_MODULES = YES;
				CLANG_ENABLE_OBJC_ARC = YES;
				CLANG_ENABLE_OBJC_WEAK = YES;
				CLANG_WARN_BLOCK_CAPTURE_AUTORELEASING = YES;
				CLANG_WARN_BOOL_CONVERSION = YES;
				CLANG_WARN_COMMA = YES;
				CLANG_WARN_CONSTANT_CONVERSION = YES;
				CLANG_WARN_DEPRECATED_OBJC_IMPLEMENTATIONS = YES;
				CLANG_WARN_DIRECT_OBJC_ISA_USAGE = YES_ERROR;
				CLANG_WARN_DOCUMENTATION_COMMENTS = YES;
				CLANG_WARN_EMPTY_BODY = YES;
				CLANG_WARN_ENUM_CONVERSION = YES;
				CLANG_WARN_INFINITE_RECURSION = YES;
				CLANG_WARN_INT_CONVERSION = YES;
				CLANG_WARN_NON_LITERAL_NULL_CONVERSION = YES;
				CLANG_WARN_OBJC_IMPLICIT_RETAIN_SELF = YES;
				CLANG_WARN_OBJC_LITERAL_CONVERSION = YES;
				CLANG_WARN_OBJC_ROOT_CLASS = YES_ERROR;
				CLANG_WARN_RANGE_LOOP_ANALYSIS = YES;
				CLANG_WARN_STRICT_PROTOTYPES = YES;
				CLANG_WARN_SUSPICIOUS_MOVE = YES;
				CLANG_WARN_UNGUARDED_AVAILABILITY = YES_AGGRESSIVE;
				CLANG_WARN_UNREACHABLE_CODE = YES;
				CLANG_WARN__DUPLICATE_METHOD_MATCH = YES;
				CODE_SIGN_IDENTITY = "iPhone Developer";
				COPY_PHASE_STRIP = NO;
				DEBUG_INFORMATION_FORMAT = "dwarf-with-dsym";
				ENABLE_NS_ASSERTIONS = NO;
				ENABLE_STRICT_OBJC_MSGSEND = YES;
				GCC_C_LANGUAGE_STANDARD = gnu11;
				GCC_NO_COMMON_BLOCKS = YES;
				GCC_WARN_64_TO_32_BIT_CONVERSION = YES;
				GCC_WARN_ABOUT_RETURN_TYPE = YES_ERROR;
				GCC_WARN_UNDECLARED_SELECTOR = YES;
				GCC_WARN_UNINITIALIZED_AUTOS = YES_AGGRESSIVE;
				GCC_WARN_UNUSED_FUNCTION = YES;
				GCC_WARN_UNUSED_VARIABLE = YES;
				IPHONEOS_DEPLOYMENT_TARGET = 12.2;
				MTL_ENABLE_DEBUG_INFO = NO;
				MTL_FAST_MATH = YES;
				SDKROOT = iphoneos;
				VALIDATE_PRODUCT = YES;
			};
			name = Release;
		};
		3DD37E9222C89E1C0016843E /* Debug */ = {
			isa = XCBuildConfiguration;
			buildSettings = {
				ASSETCATALOG_COMPILER_APPICON_NAME = AppIcon;
				ASSETCATALOG_COMPILER_LAUNCHIMAGE_NAME = LaunchImage;
				CODE_SIGN_STYLE = Automatic;
				DEVELOPMENT_TEAM = XYBK7B7U6R;
				INFOPLIST_FILE = "$(SRCROOT)/iOS_Webview_App_01/Info.plist";
				IPHONEOS_DEPLOYMENT_TARGET = 11.1;
				LD_RUNPATH_SEARCH_PATHS = (
					"$(inherited)",
					"@executable_path/Frameworks",
				);
				PRODUCT_BUNDLE_IDENTIFIER = "gary.WebView-test";
				PRODUCT_NAME = "$(TARGET_NAME)";
				TARGETED_DEVICE_FAMILY = "1,2";
			};
			name = Debug;
		};
		3DD37E9322C89E1C0016843E /* Release */ = {
			isa = XCBuildConfiguration;
			buildSettings = {
				ASSETCATALOG_COMPILER_APPICON_NAME = AppIcon;
				ASSETCATALOG_COMPILER_LAUNCHIMAGE_NAME = LaunchImage;
				CODE_SIGN_STYLE = Automatic;
				DEVELOPMENT_TEAM = XYBK7B7U6R;
				INFOPLIST_FILE = "$(SRCROOT)/iOS_Webview_App_01/Info.plist";
				IPHONEOS_DEPLOYMENT_TARGET = 11.1;
				LD_RUNPATH_SEARCH_PATHS = (
					"$(inherited)",
					"@executable_path/Frameworks",
				);
				PRODUCT_BUNDLE_IDENTIFIER = "gary.WebView-test";
				PRODUCT_NAME = "$(TARGET_NAME)";
				TARGETED_DEVICE_FAMILY = "1,2";
			};
			name = Release;
		};
/* End XCBuildConfiguration section */

/* Begin XCConfigurationList section */
		3DD37E7622C89E190016843E /* Build configuration list for PBXProject "iOS_Webview_App_01" */ = {
			isa = XCConfigurationList;
			buildConfigurations = (
				3DD37E8F22C89E1C0016843E /* Debug */,
				3DD37E9022C89E1C0016843E /* Release */,
			);
			defaultConfigurationIsVisible = 0;
			defaultConfigurationName = Release;
		};
		3DD37E9122C89E1C0016843E /* Build configuration list for PBXNativeTarget "iOS_Webview_App_01" */ = {
			isa = XCConfigurationList;
			buildConfigurations = (
				3DD37E9222C89E1C0016843E /* Debug */,
				3DD37E9322C89E1C0016843E /* Release */,
			);
			defaultConfigurationIsVisible = 0;
			defaultConfigurationName = Release;
		};
/* End XCConfigurationList section */
	};
	rootObject = 3DD37E7322C89E190016843E /* Project object */;
}
